// !$*UTF8*$!
{
	archiveVersion = 1;
	classes = {
	};
	objectVersion = 77;
	objects = {

/* Begin PBXBuildFile section */
		02FF09D8DD45DD2A3902BA10 /* YAMLTokenizer.swift in Sources */ = {isa = PBXBuildFile; fileRef = BC4946679E6DE8F183757F3B /* YAMLTokenizer.swift */; };
		1C2DCF4BE296B99FF40BCC1E /* YAMLPreferences.swift in Sources */ = {isa = PBXBuildFile; fileRef = C9623BED09B169AE30DCDEF7 /* YAMLPreferences.swift */; };
		3E7F1AEC2C7EA9CF4854F6FB /* YAMLPreviewExtension.appex in Embed Foundation Extensions */ = {isa = PBXBuildFile; fileRef = 984F523DAEB722CC34044ECF /* YAMLPreviewExtension.appex */; settings = {ATTRIBUTES = (RemoveHeadersOnCopy, ); }; };
		522A6D151F88379FE9C40C15 /* SampleYAML.swift in Sources */ = {isa = PBXBuildFile; fileRef = 5D0F4D07F1F418C5781CA7F9 /* SampleYAML.swift */; };
		587D353D5218B89A5EE3E325 /* ContentView.swift in Sources */ = {isa = PBXBuildFile; fileRef = 7B5992D765E9023A85DE46C0 /* ContentView.swift */; };
		8C8270DC4C81A7991D486865 /* YAMLWebView.swift in Sources */ = {isa = PBXBuildFile; fileRef = 174ECACB40A00A1C138A39C1 /* YAMLWebView.swift */; };
		9DDD307A81E1BDB95CD92276 /* YAMLPreferences.swift in Sources */ = {isa = PBXBuildFile; fileRef = C9623BED09B169AE30DCDEF7 /* YAMLPreferences.swift */; };
		9F10A876F206E3CC21586914 /* PreviewProvider.swift in Sources */ = {isa = PBXBuildFile; fileRef = FF7710FF72EDC7E2F93E4537 /* PreviewProvider.swift */; };
		A62A8FAA223F8A196031714C /* YAMLTokenizer.swift in Sources */ = {isa = PBXBuildFile; fileRef = BC4946679E6DE8F183757F3B /* YAMLTokenizer.swift */; };
		B3EE6BBD899CC3870D9891F7 /* YAMLHTMLRenderer.swift in Sources */ = {isa = PBXBuildFile; fileRef = DC9817A2B2CEAA4679302BCC /* YAMLHTMLRenderer.swift */; };
		BB0C6D96D8D1E556FEA341E9 /* YAMLHTMLRenderer.swift in Sources */ = {isa = PBXBuildFile; fileRef = DC9817A2B2CEAA4679302BCC /* YAMLHTMLRenderer.swift */; };
		C1C3E37D7741D5E3BE677584 /* YAMLTheme.swift in Sources */ = {isa = PBXBuildFile; fileRef = 9785BE844272B6FBFADA6528 /* YAMLTheme.swift */; };
		C1DF3F5EACEB8A3DD43C940E /* YAMLValidator.swift in Sources */ = {isa = PBXBuildFile; fileRef = 9E4C4FDF6C38D315F8678C33 /* YAMLValidator.swift */; };
		C7F1412E66D3B20C76F1C1BC /* YAMLValidator.swift in Sources */ = {isa = PBXBuildFile; fileRef = 9E4C4FDF6C38D315F8678C33 /* YAMLValidator.swift */; };
		DE3D2AD66C01A8B63CD6CD2F /* QLYAMLHostApp.swift in Sources */ = {isa = PBXBuildFile; fileRef = 2D7648D2EF456683453BB9E5 /* QLYAMLHostApp.swift */; };
		EBB03C9FC0C071F25EA1615E /* YAMLTheme.swift in Sources */ = {isa = PBXBuildFile; fileRef = 9785BE844272B6FBFADA6528 /* YAMLTheme.swift */; };
/* End PBXBuildFile section */

/* Begin PBXContainerItemProxy section */
		B8C9FE91903C53944E78E5CD /* PBXContainerItemProxy */ = {
			isa = PBXContainerItemProxy;
			containerPortal = 3AF624D36FF6E4FB7B839F87 /* Project object */;
			proxyType = 1;
			remoteGlobalIDString = 66029D0C851357D6B221A5F6;
			remoteInfo = YAMLPreviewExtension;
		};
/* End PBXContainerItemProxy section */

/* Begin PBXCopyFilesBuildPhase section */
		157687E2E73967A0077A4818 /* Embed Foundation Extensions */ = {
			isa = PBXCopyFilesBuildPhase;
			buildActionMask = 2147483647;
			dstPath = "";
			dstSubfolderSpec = 13;
			files = (
				3E7F1AEC2C7EA9CF4854F6FB /* YAMLPreviewExtension.appex in Embed Foundation Extensions */,
			);
			name = "Embed Foundation Extensions";
			runOnlyForDeploymentPostprocessing = 0;
		};
/* End PBXCopyFilesBuildPhase section */

/* Begin PBXFileReference section */
		174ECACB40A00A1C138A39C1 /* YAMLWebView.swift */ = {isa = PBXFileReference; lastKnownFileType = sourcecode.swift; path = YAMLWebView.swift; sourceTree = "<group>"; };
		2471C95F896521542B61E2C3 /* QLYAMLHost.entitlements */ = {isa = PBXFileReference; lastKnownFileType = text.plist.entitlements; path = QLYAMLHost.entitlements; sourceTree = "<group>"; };
		2D7648D2EF456683453BB9E5 /* QLYAMLHostApp.swift */ = {isa = PBXFileReference; lastKnownFileType = sourcecode.swift; path = QLYAMLHostApp.swift; sourceTree = "<group>"; };
		42BF47D2054BBCA5413095BA /* YAMLPreviewExtension.entitlements */ = {isa = PBXFileReference; lastKnownFileType = text.plist.entitlements; path = YAMLPreviewExtension.entitlements; sourceTree = "<group>"; };
		515B92C0E928155919D795D8 /* YAMLQuickLook.app */ = {isa = PBXFileReference; explicitFileType = wrapper.application; includeInIndex = 0; path = YAMLQuickLook.app; sourceTree = BUILT_PRODUCTS_DIR; };
		5D0F4D07F1F418C5781CA7F9 /* SampleYAML.swift */ = {isa = PBXFileReference; lastKnownFileType = sourcecode.swift; path = SampleYAML.swift; sourceTree = "<group>"; };
		6C471FF1BC29B8C4334DFC7E /* Info.plist */ = {isa = PBXFileReference; lastKnownFileType = text.plist; path = Info.plist; sourceTree = "<group>"; };
		7B5992D765E9023A85DE46C0 /* ContentView.swift */ = {isa = PBXFileReference; lastKnownFileType = sourcecode.swift; path = ContentView.swift; sourceTree = "<group>"; };
		9785BE844272B6FBFADA6528 /* YAMLTheme.swift */ = {isa = PBXFileReference; lastKnownFileType = sourcecode.swift; path = YAMLTheme.swift; sourceTree = "<group>"; };
		984F523DAEB722CC34044ECF /* YAMLPreviewExtension.appex */ = {isa = PBXFileReference; explicitFileType = "wrapper.app-extension"; includeInIndex = 0; path = YAMLPreviewExtension.appex; sourceTree = BUILT_PRODUCTS_DIR; };
		9E4C4FDF6C38D315F8678C33 /* YAMLValidator.swift */ = {isa = PBXFileReference; lastKnownFileType = sourcecode.swift; path = YAMLValidator.swift; sourceTree = "<group>"; };
		B1975E5262342A1499F5A957 /* Info.plist */ = {isa = PBXFileReference; lastKnownFileType = text.plist; path = Info.plist; sourceTree = "<group>"; };
		BC4946679E6DE8F183757F3B /* YAMLTokenizer.swift */ = {isa = PBXFileReference; lastKnownFileType = sourcecode.swift; path = YAMLTokenizer.swift; sourceTree = "<group>"; };
		C9623BED09B169AE30DCDEF7 /* YAMLPreferences.swift */ = {isa = PBXFileReference; lastKnownFileType = sourcecode.swift; path = YAMLPreferences.swift; sourceTree = "<group>"; };
		DC9817A2B2CEAA4679302BCC /* YAMLHTMLRenderer.swift */ = {isa = PBXFileReference; lastKnownFileType = sourcecode.swift; path = YAMLHTMLRenderer.swift; sourceTree = "<group>"; };
		FF7710FF72EDC7E2F93E4537 /* PreviewProvider.swift */ = {isa = PBXFileReference; lastKnownFileType = sourcecode.swift; path = PreviewProvider.swift; sourceTree = "<group>"; };
/* End PBXFileReference section */

/* Begin PBXGroup section */
		1B14737B9313D59400F4A6D1 /* YAMLPreviewExtension */ = {
			isa = PBXGroup;
			children = (
				6C471FF1BC29B8C4334DFC7E /* Info.plist */,
				FF7710FF72EDC7E2F93E4537 /* PreviewProvider.swift */,
				42BF47D2054BBCA5413095BA /* YAMLPreviewExtension.entitlements */,
			);
			path = YAMLPreviewExtension;
			sourceTree = "<group>";
		};
		23CBAAAF1EE498FBA434F9D7 /* QLYAMLHost */ = {
			isa = PBXGroup;
			children = (
				7B5992D765E9023A85DE46C0 /* ContentView.swift */,
				B1975E5262342A1499F5A957 /* Info.plist */,
				2471C95F896521542B61E2C3 /* QLYAMLHost.entitlements */,
				2D7648D2EF456683453BB9E5 /* QLYAMLHostApp.swift */,
				5D0F4D07F1F418C5781CA7F9 /* SampleYAML.swift */,
				174ECACB40A00A1C138A39C1 /* YAMLWebView.swift */,
			);
			path = QLYAMLHost;
			sourceTree = "<group>";
		};
		5079BA0922DA424FDE3C8A64 /* Shared */ = {
			isa = PBXGroup;
			children = (
				DC9817A2B2CEAA4679302BCC /* YAMLHTMLRenderer.swift */,
				C9623BED09B169AE30DCDEF7 /* YAMLPreferences.swift */,
				9785BE844272B6FBFADA6528 /* YAMLTheme.swift */,
				BC4946679E6DE8F183757F3B /* YAMLTokenizer.swift */,
				9E4C4FDF6C38D315F8678C33 /* YAMLValidator.swift */,
			);
			path = Shared;
			sourceTree = "<group>";
		};
		B9A489BA35DDADDF3DB6247C = {
			isa = PBXGroup;
			children = (
				23CBAAAF1EE498FBA434F9D7 /* QLYAMLHost */,
				5079BA0922DA424FDE3C8A64 /* Shared */,
				1B14737B9313D59400F4A6D1 /* YAMLPreviewExtension */,
				BFE397471CFD11916F67E794 /* Products */,
			);
			sourceTree = "<group>";
		};
		BFE397471CFD11916F67E794 /* Products */ = {
			isa = PBXGroup;
			children = (
				984F523DAEB722CC34044ECF /* YAMLPreviewExtension.appex */,
				515B92C0E928155919D795D8 /* YAMLQuickLook.app */,
			);
			name = Products;
			sourceTree = "<group>";
		};
/* End PBXGroup section */

/* Begin PBXNativeTarget section */
		197C10E9E887469065D1CBED /* YAMLQuickLook */ = {
			isa = PBXNativeTarget;
			buildConfigurationList = 532BF1B0B41298FA6E3499C8 /* Build configuration list for PBXNativeTarget "YAMLQuickLook" */;
			buildPhases = (
				3A4E67FC6B331473B8B99DDF /* Sources */,
				157687E2E73967A0077A4818 /* Embed Foundation Extensions */,
			);
			buildRules = (
			);
			dependencies = (
				CCAD97642A12369C581225CF /* PBXTargetDependency */,
			);
			name = YAMLQuickLook;
			packageProductDependencies = (
			);
			productName = YAMLQuickLook;
			productReference = 515B92C0E928155919D795D8 /* YAMLQuickLook.app */;
			productType = "com.apple.product-type.application";
		};
		66029D0C851357D6B221A5F6 /* YAMLPreviewExtension */ = {
			isa = PBXNativeTarget;
			buildConfigurationList = 3A6A1AE4C026955D178307DF /* Build configuration list for PBXNativeTarget "YAMLPreviewExtension" */;
			buildPhases = (
				9D662639F68ABB08EF945664 /* Sources */,
			);
			buildRules = (
			);
			dependencies = (
			);
			name = YAMLPreviewExtension;
			packageProductDependencies = (
			);
			productName = YAMLPreviewExtension;
			productReference = 984F523DAEB722CC34044ECF /* YAMLPreviewExtension.appex */;
			productType = "com.apple.product-type.app-extension";
		};
/* End PBXNativeTarget section */

/* Begin PBXProject section */
		3AF624D36FF6E4FB7B839F87 /* Project object */ = {
			isa = PBXProject;
			attributes = {
				BuildIndependentTargetsInParallel = YES;
				LastUpgradeCheck = 1430;
				TargetAttributes = {
					197C10E9E887469065D1CBED = {
						DevelopmentTeam = "";
					};
					66029D0C851357D6B221A5F6 = {
						DevelopmentTeam = "";
					};
				};
			};
			buildConfigurationList = B9019E4573414A087D3BEF7E /* Build configuration list for PBXProject "QLYAML" */;
			developmentRegion = en;
			hasScannedForEncodings = 0;
			knownRegions = (
				Base,
				en,
			);
			mainGroup = B9A489BA35DDADDF3DB6247C;
			minimizedProjectReferenceProxies = 1;
			preferredProjectObjectVersion = 77;
			productRefGroup = BFE397471CFD11916F67E794 /* Products */;
			projectDirPath = "";
			projectRoot = "";
			targets = (
				66029D0C851357D6B221A5F6 /* YAMLPreviewExtension */,
				197C10E9E887469065D1CBED /* YAMLQuickLook */,
			);
		};
/* End PBXProject section */

/* Begin PBXSourcesBuildPhase section */
		3A4E67FC6B331473B8B99DDF /* Sources */ = {
			isa = PBXSourcesBuildPhase;
			buildActionMask = 2147483647;
			files = (
				587D353D5218B89A5EE3E325 /* ContentView.swift in Sources */,
				DE3D2AD66C01A8B63CD6CD2F /* QLYAMLHostApp.swift in Sources */,
				522A6D151F88379FE9C40C15 /* SampleYAML.swift in Sources */,
				BB0C6D96D8D1E556FEA341E9 /* YAMLHTMLRenderer.swift in Sources */,
				9DDD307A81E1BDB95CD92276 /* YAMLPreferences.swift in Sources */,
				EBB03C9FC0C071F25EA1615E /* YAMLTheme.swift in Sources */,
				A62A8FAA223F8A196031714C /* YAMLTokenizer.swift in Sources */,
				C7F1412E66D3B20C76F1C1BC /* YAMLValidator.swift in Sources */,
				8C8270DC4C81A7991D486865 /* YAMLWebView.swift in Sources */,
			);
			runOnlyForDeploymentPostprocessing = 0;
		};
		9D662639F68ABB08EF945664 /* Sources */ = {
			isa = PBXSourcesBuildPhase;
			buildActionMask = 2147483647;
			files = (
				9F10A876F206E3CC21586914 /* PreviewProvider.swift in Sources */,
				B3EE6BBD899CC3870D9891F7 /* YAMLHTMLRenderer.swift in Sources */,
				1C2DCF4BE296B99FF40BCC1E /* YAMLPreferences.swift in Sources */,
				C1C3E37D7741D5E3BE677584 /* YAMLTheme.swift in Sources */,
				02FF09D8DD45DD2A3902BA10 /* YAMLTokenizer.swift in Sources */,
				C1DF3F5EACEB8A3DD43C940E /* YAMLValidator.swift in Sources */,
			);
			runOnlyForDeploymentPostprocessing = 0;
		};
/* End PBXSourcesBuildPhase section */

/* Begin PBXTargetDependency section */
		CCAD97642A12369C581225CF /* PBXTargetDependency */ = {
			isa = PBXTargetDependency;
			target = 66029D0C851357D6B221A5F6 /* YAMLPreviewExtension */;
			targetProxy = B8C9FE91903C53944E78E5CD /* PBXContainerItemProxy */;
		};
/* End PBXTargetDependency section */

/* Begin XCBuildConfiguration section */
		38391B67F25F6A2B0E792123 /* Debug */ = {
			isa = XCBuildConfiguration;
			buildSettings = {
				ALWAYS_SEARCH_USER_PATHS = NO;
				CLANG_ANALYZER_NONNULL = YES;
				CLANG_ANALYZER_NUMBER_OBJECT_CONVERSION = YES_AGGRESSIVE;
				CLANG_CXX_LANGUAGE_STANDARD = "gnu++14";
				CLANG_CXX_LIBRARY = "libc++";
				CLANG_ENABLE_MODULES = YES;
				CLANG_ENABLE_OBJC_ARC = YES;
				CLANG_ENABLE_OBJC_WEAK = YES;
				CLANG_WARN_BLOCK_CAPTURE_AUTORELEASING = YES;
				CLANG_WARN_BOOL_CONVERSION = YES;
				CLANG_WARN_COMMA = YES;
				CLANG_WARN_CONSTANT_CONVERSION = YES;
				CLANG_WARN_DEPRECATED_OBJC_IMPLEMENTATIONS = YES;
				CLANG_WARN_DIRECT_OBJC_ISA_USAGE = YES_ERROR;
				CLANG_WARN_DOCUMENTATION_COMMENTS = YES;
				CLANG_WARN_EMPTY_BODY = YES;
				CLANG_WARN_ENUM_CONVERSION = YES;
				CLANG_WARN_INFINITE_RECURSION = YES;
				CLANG_WARN_INT_CONVERSION = YES;
				CLANG_WARN_NON_LITERAL_NULL_CONVERSION = YES;
				CLANG_WARN_OBJC_IMPLICIT_RETAIN_SELF = YES;
				CLANG_WARN_OBJC_LITERAL_CONVERSION = YES;
				CLANG_WARN_OBJC_ROOT_CLASS = YES_ERROR;
				CLANG_WARN_QUOTED_INCLUDE_IN_FRAMEWORK_HEADER = YES;
				CLANG_WARN_RANGE_LOOP_ANALYSIS = YES;
				CLANG_WARN_STRICT_PROTOTYPES = YES;
				CLANG_WARN_SUSPICIOUS_MOVE = YES;
				CLANG_WARN_UNGUARDED_AVAILABILITY = YES_AGGRESSIVE;
				CLANG_WARN_UNREACHABLE_CODE = YES;
				CLANG_WARN__DUPLICATE_METHOD_MATCH = YES;
				CODE_SIGNING_ALLOWED = YES;
				CODE_SIGNING_REQUIRED = NO;
				CODE_SIGN_IDENTITY = "-";
				COPY_PHASE_STRIP = NO;
				DEBUG_INFORMATION_FORMAT = dwarf;
				DEVELOPMENT_TEAM = "";
				ENABLE_STRICT_OBJC_MSGSEND = YES;
				ENABLE_TESTABILITY = YES;
				GCC_C_LANGUAGE_STANDARD = gnu11;
				GCC_DYNAMIC_NO_PIC = NO;
				GCC_NO_COMMON_BLOCKS = YES;
				GCC_OPTIMIZATION_LEVEL = 0;
				GCC_PREPROCESSOR_DEFINITIONS = (
					"$(inherited)",
					"DEBUG=1",
				);
				GCC_WARN_64_TO_32_BIT_CONVERSION = YES;
				GCC_WARN_ABOUT_RETURN_TYPE = YES_ERROR;
				GCC_WARN_UNDECLARED_SELECTOR = YES;
				GCC_WARN_UNINITIALIZED_AUTOS = YES_AGGRESSIVE;
				GCC_WARN_UNUSED_FUNCTION = YES;
				GCC_WARN_UNUSED_VARIABLE = YES;
				MACOSX_DEPLOYMENT_TARGET = 13.0;
				MTL_ENABLE_DEBUG_INFO = INCLUDE_SOURCE;
				MTL_FAST_MATH = YES;
				ONLY_ACTIVE_ARCH = YES;
				PRODUCT_NAME = "$(TARGET_NAME)";
				SDKROOT = macosx;
				SWIFT_ACTIVE_COMPILATION_CONDITIONS = DEBUG;
				SWIFT_OPTIMIZATION_LEVEL = "-Onone";
				SWIFT_VERSION = 5.0;
			};
			name = Debug;
		};
		4797269D39D2303C119A94A5 /* Release */ = {
			isa = XCBuildConfiguration;
			buildSettings = {
				ALWAYS_SEARCH_USER_PATHS = NO;
				CLANG_ANALYZER_NONNULL = YES;
				CLANG_ANALYZER_NUMBER_OBJECT_CONVERSION = YES_AGGRESSIVE;
				CLANG_CXX_LANGUAGE_STANDARD = "gnu++14";
				CLANG_CXX_LIBRARY = "libc++";
				CLANG_ENABLE_MODULES = YES;
				CLANG_ENABLE_OBJC_ARC = YES;
				CLANG_ENABLE_OBJC_WEAK = YES;
				CLANG_WARN_BLOCK_CAPTURE_AUTORELEASING = YES;
				CLANG_WARN_BOOL_CONVERSION = YES;
				CLANG_WARN_COMMA = YES;
				CLANG_WARN_CONSTANT_CONVERSION = YES;
				CLANG_WARN_DEPRECATED_OBJC_IMPLEMENTATIONS = YES;
				CLANG_WARN_DIRECT_OBJC_ISA_USAGE = YES_ERROR;
				CLANG_WARN_DOCUMENTATION_COMMENTS = YES;
				CLANG_WARN_EMPTY_BODY = YES;
				CLANG_WARN_ENUM_CONVERSION = YES;
				CLANG_WARN_INFINITE_RECURSION = YES;
				CLANG_WARN_INT_CONVERSION = YES;
				CLANG_WARN_NON_LITERAL_NULL_CONVERSION = YES;
				CLANG_WARN_OBJC_IMPLICIT_RETAIN_SELF = YES;
				CLANG_WARN_OBJC_LITERAL_CONVERSION = YES;
				CLANG_WARN_OBJC_ROOT_CLASS = YES_ERROR;
				CLANG_WARN_QUOTED_INCLUDE_IN_FRAMEWORK_HEADER = YES;
				CLANG_WARN_RANGE_LOOP_ANALYSIS = YES;
				CLANG_WARN_STRICT_PROTOTYPES = YES;
				CLANG_WARN_SUSPICIOUS_MOVE = YES;
				CLANG_WARN_UNGUARDED_AVAILABILITY = YES_AGGRESSIVE;
				CLANG_WARN_UNREACHABLE_CODE = YES;
				CLANG_WARN__DUPLICATE_METHOD_MATCH = YES;
				CODE_SIGNING_ALLOWED = YES;
				CODE_SIGNING_REQUIRED = NO;
				CODE_SIGN_IDENTITY = "-";
				COPY_PHASE_STRIP = NO;
				DEBUG_INFORMATION_FORMAT = "dwarf-with-dsym";
				DEVELOPMENT_TEAM = "";
				ENABLE_NS_ASSERTIONS = NO;
				ENABLE_STRICT_OBJC_MSGSEND = YES;
				GCC_C_LANGUAGE_STANDARD = gnu11;
				GCC_NO_COMMON_BLOCKS = YES;
				GCC_WARN_64_TO_32_BIT_CONVERSION = YES;
				GCC_WARN_ABOUT_RETURN_TYPE = YES_ERROR;
				GCC_WARN_UNDECLARED_SELECTOR = YES;
				GCC_WARN_UNINITIALIZED_AUTOS = YES_AGGRESSIVE;
				GCC_WARN_UNUSED_FUNCTION = YES;
				GCC_WARN_UNUSED_VARIABLE = YES;
				MACOSX_DEPLOYMENT_TARGET = 13.0;
				MTL_ENABLE_DEBUG_INFO = NO;
				MTL_FAST_MATH = YES;
				PRODUCT_NAME = "$(TARGET_NAME)";
				SDKROOT = macosx;
				SWIFT_COMPILATION_MODE = wholemodule;
				SWIFT_OPTIMIZATION_LEVEL = "-O";
				SWIFT_VERSION = 5.0;
			};
			name = Release;
		};
		AD59BF8867499F5730F3B5F3 /* Debug */ = {
			isa = XCBuildConfiguration;
			buildSettings = {
				CODE_SIGN_ENTITLEMENTS = YAMLPreviewExtension/YAMLPreviewExtension.entitlements;
				COMBINE_HIDPI_IMAGES = YES;
				GENERATE_INFOPLIST_FILE = NO;
				INFOPLIST_FILE = YAMLPreviewExtension/Info.plist;
				LD_RUNPATH_SEARCH_PATHS = (
					"$(inherited)",
					"@executable_path/../Frameworks",
					"@executable_path/../../../../Frameworks",
				);
				PRODUCT_BUNDLE_IDENTIFIER = com.2b3pro.qlyaml.preview;
				PRODUCT_NAME = YAMLPreviewExtension;
				SDKROOT = macosx;
				SKIP_INSTALL = YES;
			};
			name = Debug;
		};
		B90578CD1FA8C5EC6CCC821C /* Debug */ = {
			isa = XCBuildConfiguration;
			buildSettings = {
				ASSETCATALOG_COMPILER_APPICON_NAME = AppIcon;
				CODE_SIGN_ENTITLEMENTS = QLYAMLHost/QLYAMLHost.entitlements;
				COMBINE_HIDPI_IMAGES = YES;
				GENERATE_INFOPLIST_FILE = NO;
				INFOPLIST_FILE = QLYAMLHost/Info.plist;
				LD_RUNPATH_SEARCH_PATHS = (
					"$(inherited)",
					"@executable_path/../Frameworks",
				);
				PRODUCT_BUNDLE_IDENTIFIER = com.2b3pro.qlyaml;
				PRODUCT_NAME = "YAML QuickLook";
				SDKROOT = macosx;
			};
			name = Debug;
		};
		D0070BC4DF66026723D93985 /* Release */ = {
			isa = XCBuildConfiguration;
			buildSettings = {
				CODE_SIGN_ENTITLEMENTS = YAMLPreviewExtension/YAMLPreviewExtension.entitlements;
				COMBINE_HIDPI_IMAGES = YES;
				GENERATE_INFOPLIST_FILE = NO;
				INFOPLIST_FILE = YAMLPreviewExtension/Info.plist;
				LD_RUNPATH_SEARCH_PATHS = (
					"$(inherited)",
					"@executable_path/../Frameworks",
					"@executable_path/../../../../Frameworks",
				);
				PRODUCT_BUNDLE_IDENTIFIER = com.2b3pro.qlyaml.preview;
				PRODUCT_NAME = YAMLPreviewExtension;
				SDKROOT = macosx;
				SKIP_INSTALL = YES;
			};
			name = Release;
		};
		FFA621AF0CD6C011B7400C72 /* Release */ = {
			isa = XCBuildConfiguration;
			buildSettings = {
				ASSETCATALOG_COMPILER_APPICON_NAME = AppIcon;
				CODE_SIGN_ENTITLEMENTS = QLYAMLHost/QLYAMLHost.entitlements;
				COMBINE_HIDPI_IMAGES = YES;
				GENERATE_INFOPLIST_FILE = NO;
				INFOPLIST_FILE = QLYAMLHost/Info.plist;
				LD_RUNPATH_SEARCH_PATHS = (
					"$(inherited)",
					"@executable_path/../Frameworks",
				);
				PRODUCT_BUNDLE_IDENTIFIER = com.2b3pro.qlyaml;
				PRODUCT_NAME = "YAML QuickLook";
				SDKROOT = macosx;
			};
			name = Release;
		};
/* End XCBuildConfiguration section */

/* Begin XCConfigurationList section */
		3A6A1AE4C026955D178307DF /* Build configuration list for PBXNativeTarget "YAMLPreviewExtension" */ = {
			isa = XCConfigurationList;
			buildConfigurations = (
				AD59BF8867499F5730F3B5F3 /* Debug */,
				D0070BC4DF66026723D93985 /* Release */,
			);
			defaultConfigurationIsVisible = 0;
			defaultConfigurationName = Debug;
		};
		532BF1B0B41298FA6E3499C8 /* Build configuration list for PBXNativeTarget "YAMLQuickLook" */ = {
			isa = XCConfigurationList;
			buildConfigurations = (
				B90578CD1FA8C5EC6CCC821C /* Debug */,
				FFA621AF0CD6C011B7400C72 /* Release */,
			);
			defaultConfigurationIsVisible = 0;
			defaultConfigurationName = Debug;
		};
		B9019E4573414A087D3BEF7E /* Build configuration list for PBXProject "QLYAML" */ = {
			isa = XCConfigurationList;
			buildConfigurations = (
				38391B67F25F6A2B0E792123 /* Debug */,
				4797269D39D2303C119A94A5 /* Release */,
			);
			defaultConfigurationIsVisible = 0;
			defaultConfigurationName = Debug;
		};
/* End XCConfigurationList section */
	};
	rootObject = 3AF624D36FF6E4FB7B839F87 /* Project object */;
}
